
Microsoft Visual Studio Solution File, Format Version 12.00
# Visual Studio Version 17
VisualStudioVersion = 17.14.36310.24
MinimumVisualStudioVersion = 10.0.40219.1
Project("{FAE04EC0-301F-11D3-BF4B-00C04F79EFBC}") = "PRReviewProject", "PRReviewProject\PRReviewProject.csproj", "{C4A4AB45-A10B-4F47-8901-BE2A3902A1D2}"
EndProject
Global
	GlobalSection(SolutionConfigurationPlatforms) = preSolution
		Debug|Any CPU = Debug|Any CPU
		Release|Any CPU = Release|Any CPU
	EndGlobalSection
	GlobalSection(ProjectConfigurationPlatforms) = postSolution
		{C4A4AB45-A10B-4F47-8901-BE2A3902A1D2}.Debug|Any CPU.ActiveCfg = Debug|Any CPU
		{C4A4AB45-A10B-4F47-8901-BE2A3902A1D2}.Debug|Any CPU.Build.0 = Debug|Any CPU
		{C4A4AB45-A10B-4F47-8901-BE2A3902A1D2}.Release|Any CPU.ActiveCfg = Release|Any CPU
		{C4A4AB45-A10B-4F47-8901-BE2A3902A1D2}.Release|Any CPU.Build.0 = Release|Any CPU
	EndGlobalSection
	GlobalSection(SolutionProperties) = preSolution
		HideSolutionNode = FALSE
	EndGlobalSection
	GlobalSection(ExtensibilityGlobals) = postSolution
		SolutionGuid = {37384A6F-525B-44BE-ABBC-B08A885DB865}
	EndGlobalSection
EndGlobal
